
Microsoft Visual Studio Solution File, Format Version 12.00
# Visual Studio Version 17
VisualStudioVersion = 17.14.36221.1
MinimumVisualStudioVersion = 10.0.40219.1
Project("{FAE04EC0-301F-11D3-BF4B-00C04F79EFBC}") = "Modasaydasi.WebApi", "Modasaydasi.WebApi\Modasaydasi.WebApi.csproj", "{DD08B1B2-DD72-4637-BC51-37239F2928AB}"
EndProject
Project("{FAE04EC0-301F-11D3-BF4B-00C04F79EFBC}") = "Modasayfasi.Model", "..\Modasayfasi.Model\Modasayfasi.Model\Modasayfasi.Model.csproj", "{B19889D2-B88A-5B0C-CD98-5058773E9F91}"
EndProject
Global
	GlobalSection(SolutionConfigurationPlatforms) = preSolution
		Debug|Any CPU = Debug|Any CPU
		Release|Any CPU = Release|Any CPU
	EndGlobalSection
	GlobalSection(ProjectConfigurationPlatforms) = postSolution
		{DD08B1B2-DD72-4637-BC51-37239F2928AB}.Debug|Any CPU.ActiveCfg = Debug|Any CPU
		{DD08B1B2-DD72-4637-BC51-37239F2928AB}.Debug|Any CPU.Build.0 = Debug|Any CPU
		{DD08B1B2-DD72-4637-BC51-37239F2928AB}.Release|Any CPU.ActiveCfg = Release|Any CPU
		{DD08B1B2-DD72-4637-BC51-37239F2928AB}.Release|Any CPU.Build.0 = Release|Any CPU
		{B19889D2-B88A-5B0C-CD98-5058773E9F91}.Debug|Any CPU.ActiveCfg = Debug|Any CPU
		{B19889D2-B88A-5B0C-CD98-5058773E9F91}.Debug|Any CPU.Build.0 = Debug|Any CPU
		{B19889D2-B88A-5B0C-CD98-5058773E9F91}.Release|Any CPU.ActiveCfg = Release|Any CPU
		{B19889D2-B88A-5B0C-CD98-5058773E9F91}.Release|Any CPU.Build.0 = Release|Any CPU
	EndGlobalSection
	GlobalSection(SolutionProperties) = preSolution
		HideSolutionNode = FALSE
	EndGlobalSection
	GlobalSection(ExtensibilityGlobals) = postSolution
		SolutionGuid = {65C7418A-59F4-43B4-9F18-8800834545B3}
	EndGlobalSection
EndGlobal
